
Microsoft Visual Studio Solution File, Format Version 12.00
# Visual Studio 14
VisualStudioVersion = 14.0.25420.1
MinimumVisualStudioVersion = 10.0.40219.1
Project("{2150E333-8FDC-42A3-9474-1A3956D46DE8}") = "src", "src", "{6A09F657-D4EF-40F5-A8D1-9BEB4C9793A3}"
EndProject
Project("{2150E333-8FDC-42A3-9474-1A3956D46DE8}") = "test", "test", "{03EE59E4-EAC5-4490-94EE-C74C83E3E550}"
EndProject
Project("{8BB2217D-0F2D-49D1-97BC-3654ED321F3B}") = "HashLib", "src\HashLib\HashLib.xproj", "{9DD0FBDF-8354-4627-B91F-2272D8FB0C49}"
EndProject
Project("{8BB2217D-0F2D-49D1-97BC-3654ED321F3B}") = "HashLib.Tests", "test\HashLib.Tests\HashLib.Tests.xproj", "{915A16B1-6E8E-408B-8A6C-E7557AEEEA72}"
EndProject
Global
	GlobalSection(SolutionConfigurationPlatforms) = preSolution
		Debug|Any CPU = Debug|Any CPU
		Release|Any CPU = Release|Any CPU
	EndGlobalSection
	GlobalSection(ProjectConfigurationPlatforms) = postSolution
		{9DD0FBDF-8354-4627-B91F-2272D8FB0C49}.Debug|Any CPU.ActiveCfg = Debug|Any CPU
		{9DD0FBDF-8354-4627-B91F-2272D8FB0C49}.Debug|Any CPU.Build.0 = Debug|Any CPU
		{9DD0FBDF-8354-4627-B91F-2272D8FB0C49}.Release|Any CPU.ActiveCfg = Release|Any CPU
		{9DD0FBDF-8354-4627-B91F-2272D8FB0C49}.Release|Any CPU.Build.0 = Release|Any CPU
		{915A16B1-6E8E-408B-8A6C-E7557AEEEA72}.Debug|Any CPU.ActiveCfg = Debug|Any CPU
		{915A16B1-6E8E-408B-8A6C-E7557AEEEA72}.Debug|Any CPU.Build.0 = Debug|Any CPU
		{915A16B1-6E8E-408B-8A6C-E7557AEEEA72}.Release|Any CPU.ActiveCfg = Release|Any CPU
		{915A16B1-6E8E-408B-8A6C-E7557AEEEA72}.Release|Any CPU.Build.0 = Release|Any CPU
	EndGlobalSection
	GlobalSection(SolutionProperties) = preSolution
		HideSolutionNode = FALSE
	EndGlobalSection
	GlobalSection(NestedProjects) = preSolution
		{9DD0FBDF-8354-4627-B91F-2272D8FB0C49} = {6A09F657-D4EF-40F5-A8D1-9BEB4C9793A3}
		{915A16B1-6E8E-408B-8A6C-E7557AEEEA72} = {03EE59E4-EAC5-4490-94EE-C74C83E3E550}
	EndGlobalSection
EndGlobal
